
Microsoft Visual Studio Solution File, Format Version 12.00
# Visual Studio Version 17
VisualStudioVersion = 17.0.31903.59
MinimumVisualStudioVersion = 10.0.40219.1
Project("{2150E333-8FDC-42A3-9474-1A3956D46DE8}") = "src", "src", "{540DCB1D-3801-4E21-8BDF-F57C7D92276F}"
EndProject
Project("{2150E333-8FDC-42A3-9474-1A3956D46DE8}") = "Bootstrapper", "Bootstrapper", "{E9E47E99-8095-4C7A-A6F6-09605F9146D1}"
EndProject
Project("{FAE04EC0-301F-11D3-BF4B-00C04F79EFBC}") = "Fast.Bootstrapper", "src\Bootstrapper\Fast.Bootstrapper\Fast.Bootstrapper.csproj", "{E1DDE08C-26D1-44D0-8283-A80249D53EBC}"
EndProject
Project("{2150E333-8FDC-42A3-9474-1A3956D46DE8}") = "Drivers", "Drivers", "{E7290D44-9D2A-4FB1-BB6A-98D5EAC0E971}"
EndProject
Project("{FAE04EC0-301F-11D3-BF4B-00C04F79EFBC}") = "Fast.Drivers.Api", "src\Drivers\Fast.Drivers.Api\Fast.Drivers.Api.csproj", "{20620C81-6261-4216-97F7-FC725BA2A191}"
EndProject
Project("{FAE04EC0-301F-11D3-BF4B-00C04F79EFBC}") = "Fast.Drivers.Shared", "src\Drivers\Fast.Drivers.Shared\Fast.Drivers.Shared.csproj", "{44FC6981-B2F9-4847-88F4-D57F92D81F95}"
EndProject
Project("{2150E333-8FDC-42A3-9474-1A3956D46DE8}") = "Pricings", "Pricings", "{1FA57B3E-9743-44F1-B7D6-BC73BB559990}"
EndProject
Project("{FAE04EC0-301F-11D3-BF4B-00C04F79EFBC}") = "Fast.Pricings.Api", "src\Pricings\Fast.Pricings.Api\Fast.Pricings.Api.csproj", "{18C90B5E-4924-4B24-81FF-06700A5AC593}"
EndProject
Project("{FAE04EC0-301F-11D3-BF4B-00C04F79EFBC}") = "Fast.Pricings.Shared", "src\Pricings\Fast.Pricings.Shared\Fast.Pricings.Shared.csproj", "{549469B4-DF0B-408A-A94C-BE6A0901EA39}"
EndProject
Project("{2150E333-8FDC-42A3-9474-1A3956D46DE8}") = "Rides", "Rides", "{49689123-CF76-498E-B708-D0C80EC8B9D1}"
EndProject
Project("{FAE04EC0-301F-11D3-BF4B-00C04F79EFBC}") = "Fast.Rides.Api", "src\Rides\Fast.Rides.Api\Fast.Rides.Api.csproj", "{77A51516-8E7C-453A-93F7-302F20FC8B37}"
EndProject
Project("{2150E333-8FDC-42A3-9474-1A3956D46DE8}") = "Shared", "Shared", "{11BD63A8-C6F8-4E89-B855-FDA2D52FB871}"
EndProject
Project("{FAE04EC0-301F-11D3-BF4B-00C04F79EFBC}") = "Fast.Shared", "src\Shared\Fast.Shared\Fast.Shared.csproj", "{6C7948FD-D450-403C-8E74-B8ABABA69DF2}"
EndProject
Global
	GlobalSection(SolutionConfigurationPlatforms) = preSolution
		Debug|Any CPU = Debug|Any CPU
		Release|Any CPU = Release|Any CPU
	EndGlobalSection
	GlobalSection(SolutionProperties) = preSolution
		HideSolutionNode = FALSE
	EndGlobalSection
	GlobalSection(ProjectConfigurationPlatforms) = postSolution
		{E1DDE08C-26D1-44D0-8283-A80249D53EBC}.Debug|Any CPU.ActiveCfg = Debug|Any CPU
		{E1DDE08C-26D1-44D0-8283-A80249D53EBC}.Debug|Any CPU.Build.0 = Debug|Any CPU
		{E1DDE08C-26D1-44D0-8283-A80249D53EBC}.Release|Any CPU.ActiveCfg = Release|Any CPU
		{E1DDE08C-26D1-44D0-8283-A80249D53EBC}.Release|Any CPU.Build.0 = Release|Any CPU
		{20620C81-6261-4216-97F7-FC725BA2A191}.Debug|Any CPU.ActiveCfg = Debug|Any CPU
		{20620C81-6261-4216-97F7-FC725BA2A191}.Debug|Any CPU.Build.0 = Debug|Any CPU
		{20620C81-6261-4216-97F7-FC725BA2A191}.Release|Any CPU.ActiveCfg = Release|Any CPU
		{20620C81-6261-4216-97F7-FC725BA2A191}.Release|Any CPU.Build.0 = Release|Any CPU
		{44FC6981-B2F9-4847-88F4-D57F92D81F95}.Debug|Any CPU.ActiveCfg = Debug|Any CPU
		{44FC6981-B2F9-4847-88F4-D57F92D81F95}.Debug|Any CPU.Build.0 = Debug|Any CPU
		{44FC6981-B2F9-4847-88F4-D57F92D81F95}.Release|Any CPU.ActiveCfg = Release|Any CPU
		{44FC6981-B2F9-4847-88F4-D57F92D81F95}.Release|Any CPU.Build.0 = Release|Any CPU
		{18C90B5E-4924-4B24-81FF-06700A5AC593}.Debug|Any CPU.ActiveCfg = Debug|Any CPU
		{18C90B5E-4924-4B24-81FF-06700A5AC593}.Debug|Any CPU.Build.0 = Debug|Any CPU
		{18C90B5E-4924-4B24-81FF-06700A5AC593}.Release|Any CPU.ActiveCfg = Release|Any CPU
		{18C90B5E-4924-4B24-81FF-06700A5AC593}.Release|Any CPU.Build.0 = Release|Any CPU
		{549469B4-DF0B-408A-A94C-BE6A0901EA39}.Debug|Any CPU.ActiveCfg = Debug|Any CPU
		{549469B4-DF0B-408A-A94C-BE6A0901EA39}.Debug|Any CPU.Build.0 = Debug|Any CPU
		{549469B4-DF0B-408A-A94C-BE6A0901EA39}.Release|Any CPU.ActiveCfg = Release|Any CPU
		{549469B4-DF0B-408A-A94C-BE6A0901EA39}.Release|Any CPU.Build.0 = Release|Any CPU
		{77A51516-8E7C-453A-93F7-302F20FC8B37}.Debug|Any CPU.ActiveCfg = Debug|Any CPU
		{77A51516-8E7C-453A-93F7-302F20FC8B37}.Debug|Any CPU.Build.0 = Debug|Any CPU
		{77A51516-8E7C-453A-93F7-302F20FC8B37}.Release|Any CPU.ActiveCfg = Release|Any CPU
		{77A51516-8E7C-453A-93F7-302F20FC8B37}.Release|Any CPU.Build.0 = Release|Any CPU
		{6C7948FD-D450-403C-8E74-B8ABABA69DF2}.Debug|Any CPU.ActiveCfg = Debug|Any CPU
		{6C7948FD-D450-403C-8E74-B8ABABA69DF2}.Debug|Any CPU.Build.0 = Debug|Any CPU
		{6C7948FD-D450-403C-8E74-B8ABABA69DF2}.Release|Any CPU.ActiveCfg = Release|Any CPU
		{6C7948FD-D450-403C-8E74-B8ABABA69DF2}.Release|Any CPU.Build.0 = Release|Any CPU
	EndGlobalSection
	GlobalSection(NestedProjects) = preSolution
		{E9E47E99-8095-4C7A-A6F6-09605F9146D1} = {540DCB1D-3801-4E21-8BDF-F57C7D92276F}
		{E1DDE08C-26D1-44D0-8283-A80249D53EBC} = {E9E47E99-8095-4C7A-A6F6-09605F9146D1}
		{E7290D44-9D2A-4FB1-BB6A-98D5EAC0E971} = {540DCB1D-3801-4E21-8BDF-F57C7D92276F}
		{20620C81-6261-4216-97F7-FC725BA2A191} = {E7290D44-9D2A-4FB1-BB6A-98D5EAC0E971}
		{44FC6981-B2F9-4847-88F4-D57F92D81F95} = {E7290D44-9D2A-4FB1-BB6A-98D5EAC0E971}
		{1FA57B3E-9743-44F1-B7D6-BC73BB559990} = {540DCB1D-3801-4E21-8BDF-F57C7D92276F}
		{18C90B5E-4924-4B24-81FF-06700A5AC593} = {1FA57B3E-9743-44F1-B7D6-BC73BB559990}
		{549469B4-DF0B-408A-A94C-BE6A0901EA39} = {1FA57B3E-9743-44F1-B7D6-BC73BB559990}
		{49689123-CF76-498E-B708-D0C80EC8B9D1} = {540DCB1D-3801-4E21-8BDF-F57C7D92276F}
		{77A51516-8E7C-453A-93F7-302F20FC8B37} = {49689123-CF76-498E-B708-D0C80EC8B9D1}
		{11BD63A8-C6F8-4E89-B855-FDA2D52FB871} = {540DCB1D-3801-4E21-8BDF-F57C7D92276F}
		{6C7948FD-D450-403C-8E74-B8ABABA69DF2} = {11BD63A8-C6F8-4E89-B855-FDA2D52FB871}
	EndGlobalSection
EndGlobal
